PODS:
  - Alamofire (4.8.2)
  - Charts (3.0.4):
    - Charts/Core (= 3.0.4)
  - Charts/Core (3.0.4)
  - DLRadioButton (1.4.12)
  - Kingfisher (4.1.0)
  - MBProgressHUD (1.0.0)
  - Moya (9.0.0):
    - Moya/Core (= 9.0.0)
  - Moya/Core (9.0.0):
    - Alamofire (~> 4.1)
    - Result (~> 3.0)
  - ObjectMapper (3.4.2)
  - Result (3.2.4)
  - SnapKit (4.0.0)

DEPENDENCIES:
  - Charts (= 3.0.4)
  - DLRadioButton (~> 1.4)
  - Kingfisher (= 4.1.0)
  - MBProgressHUD (= 1.0.0)
  - Moya (= 9.0.0)
  - ObjectMapper (~> 3.3)
  - SnapKit (= 4.0.0)

SPEC REPOS:
  https://github.com/cocoapods/specs.git:
    - Alamofire
    - Charts
    - DLRadioButton
    - Kingfisher
    - MBProgressHUD
    - Moya
    - ObjectMapper
    - Result
    - SnapKit

SPEC CHECKSUMS:
  Alamofire: ae5c501addb7afdbb13687d7f2f722c78734c2d3
  Charts: 0705898046257443f0afbbc3179f4b67507b6e48
  DLRadioButton: d7c4e225ed0e8013cef7be61455230c7557ad7c1
  Kingfisher: f14df8cbe576bf55f211fa589e9869bceb4ea87d
  MBProgressHUD: 4890f671c94e8a0f3cf959aa731e9de2f036d71a
  Moya: cf5e6ee93af526532f92614004b8ad2ea60fd845
  ObjectMapper: 0d4402610f4e468903ae64629eec4784531e5c51
  Result: d2d07204ce72856f1fd9130bbe42c35a7b0fea10
  SnapKit: a42d492c16e80209130a3379f73596c3454b7694

PODFILE CHECKSUM: 473c1c86a2a75073c3fa56c9814aee24c6b20cce

COCOAPODS: 1.5.2
