// !$*UTF8*$!
{
	archiveVersion = 1;
	classes = {
	};
	objectVersion = 48;
	objects = {

/* Begin PBXBuildFile section */
		CE0554F322CE351200A9D4F3 /* ball.gif in Resources */ = {isa = PBXBuildFile; fileRef = CE0554F222CE351100A9D4F3 /* ball.gif */; };
		CE0554F522CE382B00A9D4F3 /* juhua.gif in Resources */ = {isa = PBXBuildFile; fileRef = CE0554F422CE382A00A9D4F3 /* juhua.gif */; };
		CE2E97852251E97B00EC8CD3 /* Alamofire-SwiftyJSON.swift in Sources */ = {isa = PBXBuildFile; fileRef = CE2E97842251E97B00EC8CD3 /* Alamofire-SwiftyJSON.swift */; };
		CE3D5EFA22C3D1FF00FE1F30 /* Image+Gif.swift in Sources */ = {isa = PBXBuildFile; fileRef = CE3D5EF922C3D1FF00FE1F30 /* Image+Gif.swift */; };
		CE9261C322CD004900E8F6F3 /* loading.gif in Resources */ = {isa = PBXBuildFile; fileRef = CE9261C222CD004900E8F6F3 /* loading.gif */; };
		CE9261C722CD009A00E8F6F3 /* CustomViewController.swift in Sources */ = {isa = PBXBuildFile; fileRef = CE9261C522CD009A00E8F6F3 /* CustomViewController.swift */; };
		CE9261C822CD009A00E8F6F3 /* CustomViewController.xib in Resources */ = {isa = PBXBuildFile; fileRef = CE9261C622CD009A00E8F6F3 /* CustomViewController.xib */; };
		CE9261CB22CD063500E8F6F3 /* BaseViewController.swift in Sources */ = {isa = PBXBuildFile; fileRef = CE9261C922CD063500E8F6F3 /* BaseViewController.swift */; };
		CE9261CC22CD063500E8F6F3 /* BaseViewController.xib in Resources */ = {isa = PBXBuildFile; fileRef = CE9261CA22CD063500E8F6F3 /* BaseViewController.xib */; };
		CE9261CE22CD0BC200E8F6F3 /* UIColor+hex.swift in Sources */ = {isa = PBXBuildFile; fileRef = CE9261CD22CD0BC200E8F6F3 /* UIColor+hex.swift */; };
		CEA1B476230D8F8A00385E19 /* DMAPI.swift in Sources */ = {isa = PBXBuildFile; fileRef = CEA1B474230D8F8A00385E19 /* DMAPI.swift */; };
		CEA1B477230D8F8A00385E19 /* DMModel.swift in Sources */ = {isa = PBXBuildFile; fileRef = CEA1B475230D8F8A00385E19 /* DMModel.swift */; };
		CEA1B479230D8F9800385E19 /* HttpRequest.swift in Sources */ = {isa = PBXBuildFile; fileRef = CEA1B478230D8F9800385E19 /* HttpRequest.swift */; };
		CEA1B47D230D8FA800385E19 /* HUD.swift in Sources */ = {isa = PBXBuildFile; fileRef = CEA1B47A230D8FA800385E19 /* HUD.swift */; };
		CEA1B47E230D8FA800385E19 /* SaveFiles.swift in Sources */ = {isa = PBXBuildFile; fileRef = CEA1B47B230D8FA800385E19 /* SaveFiles.swift */; };
		CEA1B47F230D8FA800385E19 /* StrInt.swift in Sources */ = {isa = PBXBuildFile; fileRef = CEA1B47C230D8FA800385E19 /* StrInt.swift */; };
		CEA1B481230D8FB100385E19 /* MoyaConfig.swift in Sources */ = {isa = PBXBuildFile; fileRef = CEA1B480230D8FB100385E19 /* MoyaConfig.swift */; };
		CEBD2DBE22E4AA9A00067B4A /* TabBarViewController.swift in Sources */ = {isa = PBXBuildFile; fileRef = CEBD2DBC22E4AA9A00067B4A /* TabBarViewController.swift */; };
		CEBD2DBF22E4AA9A00067B4A /* TabBarViewController.xib in Resources */ = {isa = PBXBuildFile; fileRef = CEBD2DBD22E4AA9A00067B4A /* TabBarViewController.xib */; };
		CEBD2DC322E4BF2B00067B4A /* ChannelViewController.swift in Sources */ = {isa = PBXBuildFile; fileRef = CEBD2DC122E4BF2B00067B4A /* ChannelViewController.swift */; };
		CEBD2DC422E4BF2B00067B4A /* ChannelViewController.xib in Resources */ = {isa = PBXBuildFile; fileRef = CEBD2DC222E4BF2B00067B4A /* ChannelViewController.xib */; };
		CEC0070022DB93C4003AC089 /* UIImageView+URL.swift in Sources */ = {isa = PBXBuildFile; fileRef = CEC006FF22DB93C4003AC089 /* UIImageView+URL.swift */; };
		CEC0070222DBAADD003AC089 /* UIImage+Custom.swift in Sources */ = {isa = PBXBuildFile; fileRef = CEC0070122DBAADD003AC089 /* UIImage+Custom.swift */; };
		CEC16B9522C746F800F90ADE /* AdViewController.swift in Sources */ = {isa = PBXBuildFile; fileRef = CEC16B9322C746F800F90ADE /* AdViewController.swift */; };
		CEC16B9622C746F800F90ADE /* AdViewController.xib in Resources */ = {isa = PBXBuildFile; fileRef = CEC16B9422C746F800F90ADE /* AdViewController.xib */; };
		CEC16BA022C7500A00F90ADE /* BaseNavigationViewController.swift in Sources */ = {isa = PBXBuildFile; fileRef = CEC16B9E22C7500A00F90ADE /* BaseNavigationViewController.swift */; };
		CEC16BA122C7500A00F90ADE /* BaseNavigationViewController.xib in Resources */ = {isa = PBXBuildFile; fileRef = CEC16B9F22C7500A00F90ADE /* BaseNavigationViewController.xib */; };
		CEC16BA522C7A91F00F90ADE /* HomeViewController.swift in Sources */ = {isa = PBXBuildFile; fileRef = CEC16BA322C7A91F00F90ADE /* HomeViewController.swift */; };
		CEC16BA622C7A91F00F90ADE /* HomeViewController.xib in Resources */ = {isa = PBXBuildFile; fileRef = CEC16BA422C7A91F00F90ADE /* HomeViewController.xib */; };
		E951A15A246443290029D361 /* TestAutoTableViewCell.swift in Sources */ = {isa = PBXBuildFile; fileRef = E951A158246443290029D361 /* TestAutoTableViewCell.swift */; };
		E951A15B246443290029D361 /* TestAutoTableViewCell.xib in Resources */ = {isa = PBXBuildFile; fileRef = E951A159246443290029D361 /* TestAutoTableViewCell.xib */; };
		E951A15D24644C0E0029D361 /* UIView+Extension.swift in Sources */ = {isa = PBXBuildFile; fileRef = E951A15C24644C0E0029D361 /* UIView+Extension.swift */; };
		E951A167247428C70029D361 /* TestCornerShadowTableViewCell.swift in Sources */ = {isa = PBXBuildFile; fileRef = E951A165247428C70029D361 /* TestCornerShadowTableViewCell.swift */; };
		E951A168247428C70029D361 /* TestCornerShadowTableViewCell.xib in Resources */ = {isa = PBXBuildFile; fileRef = E951A166247428C70029D361 /* TestCornerShadowTableViewCell.xib */; };
		E9632E7F2441AB12006D0266 /* DqmkxAPI.swift in Sources */ = {isa = PBXBuildFile; fileRef = E9632E7E2441AB12006D0266 /* DqmkxAPI.swift */; };
		E9632E812441B21F006D0266 /* DqmkxProvider.swift in Sources */ = {isa = PBXBuildFile; fileRef = E9632E802441B21F006D0266 /* DqmkxProvider.swift */; };
		E9632E842442F33C006D0266 /* Mapable.swift in Sources */ = {isa = PBXBuildFile; fileRef = E9632E832442F33C006D0266 /* Mapable.swift */; };
		E9632E862442F3A1006D0266 /* DepartmentModel.swift in Sources */ = {isa = PBXBuildFile; fileRef = E9632E852442F3A1006D0266 /* DepartmentModel.swift */; };
		E9632E892442F484006D0266 /* getDepartment.json in Resources */ = {isa = PBXBuildFile; fileRef = E9632E882442F484006D0266 /* getDepartment.json */; };
		E9632E8D24431A44006D0266 /* BaseDataModel.swift in Sources */ = {isa = PBXBuildFile; fileRef = E9632E8C24431A44006D0266 /* BaseDataModel.swift */; };
		E9632E972455BC5F006D0266 /* MusicItemTableViewCell.swift in Sources */ = {isa = PBXBuildFile; fileRef = E9632E952455BC5F006D0266 /* MusicItemTableViewCell.swift */; };
		E9632E982455BC5F006D0266 /* MusicItemTableViewCell.xib in Resources */ = {isa = PBXBuildFile; fileRef = E9632E962455BC5F006D0266 /* MusicItemTableViewCell.xib */; };
		E9632E9A2455BE6E006D0266 /* MusicPlayerModel.swift in Sources */ = {isa = PBXBuildFile; fileRef = E9632E992455BE6E006D0266 /* MusicPlayerModel.swift */; };
		E9632E9D2455C8C8006D0266 /* MusicListViewController.swift in Sources */ = {isa = PBXBuildFile; fileRef = E9632E9B2455C8C8006D0266 /* MusicListViewController.swift */; };
		E9632E9E2455C8C8006D0266 /* MusicListViewController.xib in Resources */ = {isa = PBXBuildFile; fileRef = E9632E9C2455C8C8006D0266 /* MusicListViewController.xib */; };
		E9632EA62459BEE1006D0266 /* GoodDetailViewController.swift in Sources */ = {isa = PBXBuildFile; fileRef = E9632EA42459BEE1006D0266 /* GoodDetailViewController.swift */; };
		E9632EA72459BEE1006D0266 /* GoodDetailViewController.xib in Resources */ = {isa = PBXBuildFile; fileRef = E9632EA52459BEE1006D0266 /* GoodDetailViewController.xib */; };
		E9632EAA2459BFD2006D0266 /* GoodIntroduceCollectionViewCell.swift in Sources */ = {isa = PBXBuildFile; fileRef = E9632EA82459BFD2006D0266 /* GoodIntroduceCollectionViewCell.swift */; };
		E9632EAB2459BFD2006D0266 /* GoodIntroduceCollectionViewCell.xib in Resources */ = {isa = PBXBuildFile; fileRef = E9632EA92459BFD2006D0266 /* GoodIntroduceCollectionViewCell.xib */; };
		E9632EAE2459BFF7006D0266 /* GoodDetailCollectionViewCell.swift in Sources */ = {isa = PBXBuildFile; fileRef = E9632EAC2459BFF7006D0266 /* GoodDetailCollectionViewCell.swift */; };
		E9632EAF2459BFF7006D0266 /* GoodDetailCollectionViewCell.xib in Resources */ = {isa = PBXBuildFile; fileRef = E9632EAD2459BFF7006D0266 /* GoodDetailCollectionViewCell.xib */; };
		E9632EB22459C02A006D0266 /* GoodRecommendedCollectionViewCell.swift in Sources */ = {isa = PBXBuildFile; fileRef = E9632EB02459C02A006D0266 /* GoodRecommendedCollectionViewCell.swift */; };
		E9632EB32459C02A006D0266 /* GoodRecommendedCollectionViewCell.xib in Resources */ = {isa = PBXBuildFile; fileRef = E9632EB12459C02A006D0266 /* GoodRecommendedCollectionViewCell.xib */; };
		E96DA14A21319BC200752560 /* AppDelegate.swift in Sources */ = {isa = PBXBuildFile; fileRef = E96DA14921319BC200752560 /* AppDelegate.swift */; };
		E96DA15121319BC200752560 /* Assets.xcassets in Resources */ = {isa = PBXBuildFile; fileRef = E96DA15021319BC200752560 /* Assets.xcassets */; };
		E96DA15F21319BC200752560 /* diyplayerTests.swift in Sources */ = {isa = PBXBuildFile; fileRef = E96DA15E21319BC200752560 /* diyplayerTests.swift */; };
		E96DA16A21319BC200752560 /* diyplayerUITests.swift in Sources */ = {isa = PBXBuildFile; fileRef = E96DA16921319BC200752560 /* diyplayerUITests.swift */; };
		E98C7E3D2449BD6300476C88 /* ErrorModel.swift in Sources */ = {isa = PBXBuildFile; fileRef = E98C7E3C2449BD6300476C88 /* ErrorModel.swift */; };
		E9CBF57A23B3A2FF00C157C1 /* ScrollTabViewController.swift in Sources */ = {isa = PBXBuildFile; fileRef = E9CBF57823B3A2FF00C157C1 /* ScrollTabViewController.swift */; };
		E9CBF57B23B3A2FF00C157C1 /* ScrollTabViewController.xib in Resources */ = {isa = PBXBuildFile; fileRef = E9CBF57923B3A2FF00C157C1 /* ScrollTabViewController.xib */; };
		E9E512FC243B792300B88892 /* LiveListView.swift in Sources */ = {isa = PBXBuildFile; fileRef = E9E512FB243B792300B88892 /* LiveListView.swift */; };
		E9EA4421239BFB6F0022DD00 /* CircleViewController.swift in Sources */ = {isa = PBXBuildFile; fileRef = E9EA441F239BFB6F0022DD00 /* CircleViewController.swift */; };
		E9EA4422239BFB6F0022DD00 /* CircleViewController.xib in Resources */ = {isa = PBXBuildFile; fileRef = E9EA4420239BFB6F0022DD00 /* CircleViewController.xib */; };
		E9EA4425239BFE1D0022DD00 /* ProfileViewController.swift in Sources */ = {isa = PBXBuildFile; fileRef = E9EA4423239BFE1D0022DD00 /* ProfileViewController.swift */; };
		E9EA4426239BFE1D0022DD00 /* ProfileViewController.xib in Resources */ = {isa = PBXBuildFile; fileRef = E9EA4424239BFE1D0022DD00 /* ProfileViewController.xib */; };
		E9EA442A239C15280022DD00 /* ScrollTabView.swift in Sources */ = {isa = PBXBuildFile; fileRef = E9EA4429239C15280022DD00 /* ScrollTabView.swift */; };
		E9F437252131B76F0011B517 /* LaunchScreen.xib in Resources */ = {isa = PBXBuildFile; fileRef = E9F437242131B76F0011B517 /* LaunchScreen.xib */; };
		E9F4372D2132A0F10011B517 /* DiyPlayerView.xib in Resources */ = {isa = PBXBuildFile; fileRef = E9F4372C2132A0F10011B517 /* DiyPlayerView.xib */; };
		E9F4372F2132A21D0011B517 /* DiyPlayerView.swift in Sources */ = {isa = PBXBuildFile; fileRef = E9F4372E2132A21D0011B517 /* DiyPlayerView.swift */; };
		E9F437322132BBAB0011B517 /* PlayViewController.swift in Sources */ = {isa = PBXBuildFile; fileRef = E9F437302132BBAB0011B517 /* PlayViewController.swift */; };
		E9F437332132BBAB0011B517 /* PlayViewController.xib in Resources */ = {isa = PBXBuildFile; fileRef = E9F437312132BBAB0011B517 /* PlayViewController.xib */; };
		E9F4373A21344ACA0011B517 /* CustomSlider.swift in Sources */ = {isa = PBXBuildFile; fileRef = E9F4373921344ACA0011B517 /* CustomSlider.swift */; };
		E9F4373C213580400011B517 /* TimeUtil.swift in Sources */ = {isa = PBXBuildFile; fileRef = E9F4373B213580400011B517 /* TimeUtil.swift */; };
		E9F4373E213583B90011B517 /* Constants.swift in Sources */ = {isa = PBXBuildFile; fileRef = E9F4373D213583B90011B517 /* Constants.swift */; };
		F8BA720F1C55094BCAEA6E42 /* libPods-diyplayer.a in Frameworks */ = {isa = PBXBuildFile; fileRef = 28870703B326B26277E559F7 /* libPods-diyplayer.a */; };
/* End PBXBuildFile section */

/* Begin PBXContainerItemProxy section */
		E96DA15B21319BC200752560 /* PBXContainerItemProxy */ = {
			isa = PBXContainerItemProxy;
			containerPortal = E96DA13E21319BC200752560 /* Project object */;
			proxyType = 1;
			remoteGlobalIDString = E96DA14521319BC200752560;
			remoteInfo = diyplayer;
		};
		E96DA16621319BC200752560 /* PBXContainerItemProxy */ = {
			isa = PBXContainerItemProxy;
			containerPortal = E96DA13E21319BC200752560 /* Project object */;
			proxyType = 1;
			remoteGlobalIDString = E96DA14521319BC200752560;
			remoteInfo = diyplayer;
		};
/* End PBXContainerItemProxy section */

/* Begin PBXFileReference section */
		28870703B326B26277E559F7 /* libPods-diyplayer.a */ = {isa = PBXFileReference; explicitFileType = archive.ar; includeInIndex = 0; path = "libPods-diyplayer.a"; sourceTree = BUILT_PRODUCTS_DIR; };
		84F42D2D9D83A5244D7EB58F /* Pods-diyplayer.release.xcconfig */ = {isa = PBXFileReference; includeInIndex = 1; lastKnownFileType = text.xcconfig; name = "Pods-diyplayer.release.xcconfig"; path = "Pods/Target Support Files/Pods-diyplayer/Pods-diyplayer.release.xcconfig"; sourceTree = "<group>"; };
		CBBEA0D969246F8C165F21D0 /* Pods-diyplayer.debug.xcconfig */ = {isa = PBXFileReference; includeInIndex = 1; lastKnownFileType = text.xcconfig; name = "Pods-diyplayer.debug.xcconfig"; path = "Pods/Target Support Files/Pods-diyplayer/Pods-diyplayer.debug.xcconfig"; sourceTree = "<group>"; };
		CE0554F222CE351100A9D4F3 /* ball.gif */ = {isa = PBXFileReference; lastKnownFileType = image.gif; path = ball.gif; sourceTree = "<group>"; };
		CE0554F422CE382A00A9D4F3 /* juhua.gif */ = {isa = PBXFileReference; lastKnownFileType = image.gif; path = juhua.gif; sourceTree = "<group>"; };
		CE2E97842251E97B00EC8CD3 /* Alamofire-SwiftyJSON.swift */ = {isa = PBXFileReference; fileEncoding = 4; lastKnownFileType = sourcecode.swift; path = "Alamofire-SwiftyJSON.swift"; sourceTree = "<group>"; };
		CE3D5EF922C3D1FF00FE1F30 /* Image+Gif.swift */ = {isa = PBXFileReference; lastKnownFileType = sourcecode.swift; path = "Image+Gif.swift"; sourceTree = "<group>"; };
		CE9261C222CD004900E8F6F3 /* loading.gif */ = {isa = PBXFileReference; lastKnownFileType = image.gif; path = loading.gif; sourceTree = "<group>"; };
		CE9261C522CD009A00E8F6F3 /* CustomViewController.swift */ = {isa = PBXFileReference; lastKnownFileType = sourcecode.swift; path = CustomViewController.swift; sourceTree = "<group>"; };
		CE9261C622CD009A00E8F6F3 /* CustomViewController.xib */ = {isa = PBXFileReference; lastKnownFileType = file.xib; path = CustomViewController.xib; sourceTree = "<group>"; };
		CE9261C922CD063500E8F6F3 /* BaseViewController.swift */ = {isa = PBXFileReference; lastKnownFileType = sourcecode.swift; path = BaseViewController.swift; sourceTree = "<group>"; };
		CE9261CA22CD063500E8F6F3 /* BaseViewController.xib */ = {isa = PBXFileReference; lastKnownFileType = file.xib; path = BaseViewController.xib; sourceTree = "<group>"; };
		CE9261CD22CD0BC200E8F6F3 /* UIColor+hex.swift */ = {isa = PBXFileReference; lastKnownFileType = sourcecode.swift; path = "UIColor+hex.swift"; sourceTree = "<group>"; };
		CEA1B474230D8F8A00385E19 /* DMAPI.swift */ = {isa = PBXFileReference; fileEncoding = 4; lastKnownFileType = sourcecode.swift; path = DMAPI.swift; sourceTree = "<group>"; };
		CEA1B475230D8F8A00385E19 /* DMModel.swift */ = {isa = PBXFileReference; fileEncoding = 4; lastKnownFileType = sourcecode.swift; path = DMModel.swift; sourceTree = "<group>"; };
		CEA1B478230D8F9800385E19 /* HttpRequest.swift */ = {isa = PBXFileReference; fileEncoding = 4; lastKnownFileType = sourcecode.swift; path = HttpRequest.swift; sourceTree = "<group>"; };
		CEA1B47A230D8FA800385E19 /* HUD.swift */ = {isa = PBXFileReference; fileEncoding = 4; lastKnownFileType = sourcecode.swift; path = HUD.swift; sourceTree = "<group>"; };
		CEA1B47B230D8FA800385E19 /* SaveFiles.swift */ = {isa = PBXFileReference; fileEncoding = 4; lastKnownFileType = sourcecode.swift; path = SaveFiles.swift; sourceTree = "<group>"; };
		CEA1B47C230D8FA800385E19 /* StrInt.swift */ = {isa = PBXFileReference; fileEncoding = 4; lastKnownFileType = sourcecode.swift; path = StrInt.swift; sourceTree = "<group>"; };
		CEA1B480230D8FB100385E19 /* MoyaConfig.swift */ = {isa = PBXFileReference; fileEncoding = 4; lastKnownFileType = sourcecode.swift; path = MoyaConfig.swift; sourceTree = "<group>"; };
		CEBD2DBC22E4AA9A00067B4A /* TabBarViewController.swift */ = {isa = PBXFileReference; lastKnownFileType = sourcecode.swift; path = TabBarViewController.swift; sourceTree = "<group>"; };
		CEBD2DBD22E4AA9A00067B4A /* TabBarViewController.xib */ = {isa = PBXFileReference; lastKnownFileType = file.xib; path = TabBarViewController.xib; sourceTree = "<group>"; };
		CEBD2DC122E4BF2B00067B4A /* ChannelViewController.swift */ = {isa = PBXFileReference; lastKnownFileType = sourcecode.swift; path = ChannelViewController.swift; sourceTree = "<group>"; };
		CEBD2DC222E4BF2B00067B4A /* ChannelViewController.xib */ = {isa = PBXFileReference; lastKnownFileType = file.xib; path = ChannelViewController.xib; sourceTree = "<group>"; };
		CEC006FF22DB93C4003AC089 /* UIImageView+URL.swift */ = {isa = PBXFileReference; lastKnownFileType = sourcecode.swift; path = "UIImageView+URL.swift"; sourceTree = "<group>"; };
		CEC0070122DBAADD003AC089 /* UIImage+Custom.swift */ = {isa = PBXFileReference; lastKnownFileType = sourcecode.swift; path = "UIImage+Custom.swift"; sourceTree = "<group>"; };
		CEC16B9322C746F800F90ADE /* AdViewController.swift */ = {isa = PBXFileReference; lastKnownFileType = sourcecode.swift; path = AdViewController.swift; sourceTree = "<group>"; };
		CEC16B9422C746F800F90ADE /* AdViewController.xib */ = {isa = PBXFileReference; lastKnownFileType = file.xib; path = AdViewController.xib; sourceTree = "<group>"; };
		CEC16B9E22C7500A00F90ADE /* BaseNavigationViewController.swift */ = {isa = PBXFileReference; lastKnownFileType = sourcecode.swift; path = BaseNavigationViewController.swift; sourceTree = "<group>"; };
		CEC16B9F22C7500A00F90ADE /* BaseNavigationViewController.xib */ = {isa = PBXFileReference; lastKnownFileType = file.xib; path = BaseNavigationViewController.xib; sourceTree = "<group>"; };
		CEC16BA322C7A91F00F90ADE /* HomeViewController.swift */ = {isa = PBXFileReference; lastKnownFileType = sourcecode.swift; path = HomeViewController.swift; sourceTree = "<group>"; };
		CEC16BA422C7A91F00F90ADE /* HomeViewController.xib */ = {isa = PBXFileReference; lastKnownFileType = file.xib; path = HomeViewController.xib; sourceTree = "<group>"; };
		E91525C723F12FAE00B22D49 /* Alamofire_SwiftyJSON.framework */ = {isa = PBXFileReference; explicitFileType = wrapper.framework; path = Alamofire_SwiftyJSON.framework; sourceTree = BUILT_PRODUCTS_DIR; };
		E91525C823F12FAE00B22D49 /* Alamofire.framework */ = {isa = PBXFileReference; explicitFileType = wrapper.framework; path = Alamofire.framework; sourceTree = BUILT_PRODUCTS_DIR; };
		E91525C923F12FAE00B22D49 /* Charts.framework */ = {isa = PBXFileReference; explicitFileType = wrapper.framework; path = Charts.framework; sourceTree = BUILT_PRODUCTS_DIR; };
		E91525CA23F12FAE00B22D49 /* DLRadioButton.framework */ = {isa = PBXFileReference; explicitFileType = wrapper.framework; path = DLRadioButton.framework; sourceTree = BUILT_PRODUCTS_DIR; };
		E91525CB23F12FAE00B22D49 /* Kingfisher.framework */ = {isa = PBXFileReference; explicitFileType = wrapper.framework; path = Kingfisher.framework; sourceTree = BUILT_PRODUCTS_DIR; };
		E91525CC23F12FAE00B22D49 /* MBProgressHUD.framework */ = {isa = PBXFileReference; explicitFileType = wrapper.framework; path = MBProgressHUD.framework; sourceTree = BUILT_PRODUCTS_DIR; };
		E91525CD23F12FAE00B22D49 /* Moya.framework */ = {isa = PBXFileReference; explicitFileType = wrapper.framework; path = Moya.framework; sourceTree = BUILT_PRODUCTS_DIR; };
		E91525CE23F12FAE00B22D49 /* ObjectMapper.framework */ = {isa = PBXFileReference; explicitFileType = wrapper.framework; path = ObjectMapper.framework; sourceTree = BUILT_PRODUCTS_DIR; };
		E91525CF23F12FAE00B22D49 /* Result.framework */ = {isa = PBXFileReference; explicitFileType = wrapper.framework; path = Result.framework; sourceTree = BUILT_PRODUCTS_DIR; };
		E91525D023F12FAE00B22D49 /* SnapKit.framework */ = {isa = PBXFileReference; explicitFileType = wrapper.framework; path = SnapKit.framework; sourceTree = BUILT_PRODUCTS_DIR; };
		E91525D123F12FAE00B22D49 /* SwiftyJSON.framework */ = {isa = PBXFileReference; explicitFileType = wrapper.framework; path = SwiftyJSON.framework; sourceTree = BUILT_PRODUCTS_DIR; };
		E951A158246443290029D361 /* TestAutoTableViewCell.swift */ = {isa = PBXFileReference; lastKnownFileType = sourcecode.swift; path = TestAutoTableViewCell.swift; sourceTree = "<group>"; };
		E951A159246443290029D361 /* TestAutoTableViewCell.xib */ = {isa = PBXFileReference; lastKnownFileType = file.xib; path = TestAutoTableViewCell.xib; sourceTree = "<group>"; };
		E951A15C24644C0E0029D361 /* UIView+Extension.swift */ = {isa = PBXFileReference; lastKnownFileType = sourcecode.swift; path = "UIView+Extension.swift"; sourceTree = "<group>"; };
		E951A165247428C70029D361 /* TestCornerShadowTableViewCell.swift */ = {isa = PBXFileReference; lastKnownFileType = sourcecode.swift; path = TestCornerShadowTableViewCell.swift; sourceTree = "<group>"; };
		E951A166247428C70029D361 /* TestCornerShadowTableViewCell.xib */ = {isa = PBXFileReference; lastKnownFileType = file.xib; path = TestCornerShadowTableViewCell.xib; sourceTree = "<group>"; };
		E9632E7E2441AB12006D0266 /* DqmkxAPI.swift */ = {isa = PBXFileReference; lastKnownFileType = sourcecode.swift; path = DqmkxAPI.swift; sourceTree = "<group>"; };
		E9632E802441B21F006D0266 /* DqmkxProvider.swift */ = {isa = PBXFileReference; lastKnownFileType = sourcecode.swift; path = DqmkxProvider.swift; sourceTree = "<group>"; };
		E9632E832442F33C006D0266 /* Mapable.swift */ = {isa = PBXFileReference; lastKnownFileType = sourcecode.swift; path = Mapable.swift; sourceTree = "<group>"; };
		E9632E852442F3A1006D0266 /* DepartmentModel.swift */ = {isa = PBXFileReference; lastKnownFileType = sourcecode.swift; path = DepartmentModel.swift; sourceTree = "<group>"; };
		E9632E882442F484006D0266 /* getDepartment.json */ = {isa = PBXFileReference; lastKnownFileType = text.json; path = getDepartment.json; sourceTree = "<group>"; };
		E9632E8C24431A44006D0266 /* BaseDataModel.swift */ = {isa = PBXFileReference; lastKnownFileType = sourcecode.swift; path = BaseDataModel.swift; sourceTree = "<group>"; };
		E9632E90245089EE006D0266 /* diyplayer-Bridging-Header.h */ = {isa = PBXFileReference; lastKnownFileType = sourcecode.c.h; path = "diyplayer-Bridging-Header.h"; sourceTree = "<group>"; };
		E9632E952455BC5F006D0266 /* MusicItemTableViewCell.swift */ = {isa = PBXFileReference; lastKnownFileType = sourcecode.swift; path = MusicItemTableViewCell.swift; sourceTree = "<group>"; };
		E9632E962455BC5F006D0266 /* MusicItemTableViewCell.xib */ = {isa = PBXFileReference; lastKnownFileType = file.xib; path = MusicItemTableViewCell.xib; sourceTree = "<group>"; };
		E9632E992455BE6E006D0266 /* MusicPlayerModel.swift */ = {isa = PBXFileReference; lastKnownFileType = sourcecode.swift; path = MusicPlayerModel.swift; sourceTree = "<group>"; };
		E9632E9B2455C8C8006D0266 /* MusicListViewController.swift */ = {isa = PBXFileReference; lastKnownFileType = sourcecode.swift; path = MusicListViewController.swift; sourceTree = "<group>"; };
		E9632E9C2455C8C8006D0266 /* MusicListViewController.xib */ = {isa = PBXFileReference; lastKnownFileType = file.xib; path = MusicListViewController.xib; sourceTree = "<group>"; };
		E9632EA42459BEE1006D0266 /* GoodDetailViewController.swift */ = {isa = PBXFileReference; lastKnownFileType = sourcecode.swift; path = GoodDetailViewController.swift; sourceTree = "<group>"; };
		E9632EA52459BEE1006D0266 /* GoodDetailViewController.xib */ = {isa = PBXFileReference; lastKnownFileType = file.xib; path = GoodDetailViewController.xib; sourceTree = "<group>"; };
		E9632EA82459BFD2006D0266 /* GoodIntroduceCollectionViewCell.swift */ = {isa = PBXFileReference; lastKnownFileType = sourcecode.swift; path = GoodIntroduceCollectionViewCell.swift; sourceTree = "<group>"; };
		E9632EA92459BFD2006D0266 /* GoodIntroduceCollectionViewCell.xib */ = {isa = PBXFileReference; lastKnownFileType = file.xib; path = GoodIntroduceCollectionViewCell.xib; sourceTree = "<group>"; };
		E9632EAC2459BFF7006D0266 /* GoodDetailCollectionViewCell.swift */ = {isa = PBXFileReference; lastKnownFileType = sourcecode.swift; path = GoodDetailCollectionViewCell.swift; sourceTree = "<group>"; };
		E9632EAD2459BFF7006D0266 /* GoodDetailCollectionViewCell.xib */ = {isa = PBXFileReference; lastKnownFileType = file.xib; path = GoodDetailCollectionViewCell.xib; sourceTree = "<group>"; };
		E9632EB02459C02A006D0266 /* GoodRecommendedCollectionViewCell.swift */ = {isa = PBXFileReference; lastKnownFileType = sourcecode.swift; path = GoodRecommendedCollectionViewCell.swift; sourceTree = "<group>"; };
		E9632EB12459C02A006D0266 /* GoodRecommendedCollectionViewCell.xib */ = {isa = PBXFileReference; lastKnownFileType = file.xib; path = GoodRecommendedCollectionViewCell.xib; sourceTree = "<group>"; };
		E96DA14621319BC200752560 /* diyplayer.app */ = {isa = PBXFileReference; explicitFileType = wrapper.application; includeInIndex = 0; path = diyplayer.app; sourceTree = BUILT_PRODUCTS_DIR; };
		E96DA14921319BC200752560 /* AppDelegate.swift */ = {isa = PBXFileReference; lastKnownFileType = sourcecode.swift; path = AppDelegate.swift; sourceTree = "<group>"; };
		E96DA15021319BC200752560 /* Assets.xcassets */ = {isa = PBXFileReference; lastKnownFileType = folder.assetcatalog; path = Assets.xcassets; sourceTree = "<group>"; };
		E96DA15521319BC200752560 /* Info.plist */ = {isa = PBXFileReference; lastKnownFileType = text.plist.xml; path = Info.plist; sourceTree = "<group>"; };
		E96DA15A21319BC200752560 /* diyplayerTests.xctest */ = {isa = PBXFileReference; explicitFileType = wrapper.cfbundle; includeInIndex = 0; path = diyplayerTests.xctest; sourceTree = BUILT_PRODUCTS_DIR; };
		E96DA15E21319BC200752560 /* diyplayerTests.swift */ = {isa = PBXFileReference; lastKnownFileType = sourcecode.swift; path = diyplayerTests.swift; sourceTree = "<group>"; };
		E96DA16021319BC200752560 /* Info.plist */ = {isa = PBXFileReference; lastKnownFileType = text.plist.xml; path = Info.plist; sourceTree = "<group>"; };
		E96DA16521319BC200752560 /* diyplayerUITests.xctest */ = {isa = PBXFileReference; explicitFileType = wrapper.cfbundle; includeInIndex = 0; path = diyplayerUITests.xctest; sourceTree = BUILT_PRODUCTS_DIR; };
		E96DA16921319BC200752560 /* diyplayerUITests.swift */ = {isa = PBXFileReference; lastKnownFileType = sourcecode.swift; path = diyplayerUITests.swift; sourceTree = "<group>"; };
		E96DA16B21319BC200752560 /* Info.plist */ = {isa = PBXFileReference; lastKnownFileType = text.plist.xml; path = Info.plist; sourceTree = "<group>"; };
		E98C7E3C2449BD6300476C88 /* ErrorModel.swift */ = {isa = PBXFileReference; lastKnownFileType = sourcecode.swift; path = ErrorModel.swift; sourceTree = "<group>"; };
		E9CBF57823B3A2FF00C157C1 /* ScrollTabViewController.swift */ = {isa = PBXFileReference; lastKnownFileType = sourcecode.swift; path = ScrollTabViewController.swift; sourceTree = "<group>"; };
		E9CBF57923B3A2FF00C157C1 /* ScrollTabViewController.xib */ = {isa = PBXFileReference; lastKnownFileType = file.xib; path = ScrollTabViewController.xib; sourceTree = "<group>"; };
		E9E512FB243B792300B88892 /* LiveListView.swift */ = {isa = PBXFileReference; lastKnownFileType = sourcecode.swift; path = LiveListView.swift; sourceTree = "<group>"; };
		E9EA441F239BFB6F0022DD00 /* CircleViewController.swift */ = {isa = PBXFileReference; lastKnownFileType = sourcecode.swift; path = CircleViewController.swift; sourceTree = "<group>"; };
		E9EA4420239BFB6F0022DD00 /* CircleViewController.xib */ = {isa = PBXFileReference; lastKnownFileType = file.xib; path = CircleViewController.xib; sourceTree = "<group>"; };
		E9EA4423239BFE1D0022DD00 /* ProfileViewController.swift */ = {isa = PBXFileReference; lastKnownFileType = sourcecode.swift; path = ProfileViewController.swift; sourceTree = "<group>"; };
		E9EA4424239BFE1D0022DD00 /* ProfileViewController.xib */ = {isa = PBXFileReference; lastKnownFileType = file.xib; path = ProfileViewController.xib; sourceTree = "<group>"; };
		E9EA4429239C15280022DD00 /* ScrollTabView.swift */ = {isa = PBXFileReference; lastKnownFileType = sourcecode.swift; path = ScrollTabView.swift; sourceTree = "<group>"; };
		E9F437242131B76F0011B517 /* LaunchScreen.xib */ = {isa = PBXFileReference; fileEncoding = 4; lastKnownFileType = file.xib; path = LaunchScreen.xib; sourceTree = "<group>"; };
		E9F4372C2132A0F10011B517 /* DiyPlayerView.xib */ = {isa = PBXFileReference; lastKnownFileType = file.xib; path = DiyPlayerView.xib; sourceTree = "<group>"; };
		E9F4372E2132A21D0011B517 /* DiyPlayerView.swift */ = {isa = PBXFileReference; lastKnownFileType = sourcecode.swift; path = DiyPlayerView.swift; sourceTree = "<group>"; };
		E9F437302132BBAB0011B517 /* PlayViewController.swift */ = {isa = PBXFileReference; lastKnownFileType = sourcecode.swift; path = PlayViewController.swift; sourceTree = "<group>"; };
		E9F437312132BBAB0011B517 /* PlayViewController.xib */ = {isa = PBXFileReference; lastKnownFileType = file.xib; path = PlayViewController.xib; sourceTree = "<group>"; };
		E9F4373921344ACA0011B517 /* CustomSlider.swift */ = {isa = PBXFileReference; lastKnownFileType = sourcecode.swift; path = CustomSlider.swift; sourceTree = "<group>"; };
		E9F4373B213580400011B517 /* TimeUtil.swift */ = {isa = PBXFileReference; lastKnownFileType = sourcecode.swift; path = TimeUtil.swift; sourceTree = "<group>"; };
		E9F4373D213583B90011B517 /* Constants.swift */ = {isa = PBXFileReference; lastKnownFileType = sourcecode.swift; path = Constants.swift; sourceTree = "<group>"; };
/* End PBXFileReference section */

/* Begin PBXFrameworksBuildPhase section */
		E96DA14321319BC200752560 /* Frameworks */ = {
			isa = PBXFrameworksBuildPhase;
			buildActionMask = 2147483647;
			files = (
				F8BA720F1C55094BCAEA6E42 /* libPods-diyplayer.a in Frameworks */,
			);
			runOnlyForDeploymentPostprocessing = 0;
		};
		E96DA15721319BC200752560 /* Frameworks */ = {
			isa = PBXFrameworksBuildPhase;
			buildActionMask = 2147483647;
			files = (
			);
			runOnlyForDeploymentPostprocessing = 0;
		};
		E96DA16221319BC200752560 /* Frameworks */ = {
			isa = PBXFrameworksBuildPhase;
			buildActionMask = 2147483647;
			files = (
			);
			runOnlyForDeploymentPostprocessing = 0;
		};
/* End PBXFrameworksBuildPhase section */

/* Begin PBXGroup section */
		3011A03BC25795C67ED6F2CE /* Frameworks */ = {
			isa = PBXGroup;
			children = (
				E91525C723F12FAE00B22D49 /* Alamofire_SwiftyJSON.framework */,
				E91525C823F12FAE00B22D49 /* Alamofire.framework */,
				E91525C923F12FAE00B22D49 /* Charts.framework */,
				E91525CA23F12FAE00B22D49 /* DLRadioButton.framework */,
				E91525CB23F12FAE00B22D49 /* Kingfisher.framework */,
				E91525CC23F12FAE00B22D49 /* MBProgressHUD.framework */,
				E91525CD23F12FAE00B22D49 /* Moya.framework */,
				E91525CE23F12FAE00B22D49 /* ObjectMapper.framework */,
				E91525CF23F12FAE00B22D49 /* Result.framework */,
				E91525D023F12FAE00B22D49 /* SnapKit.framework */,
				E91525D123F12FAE00B22D49 /* SwiftyJSON.framework */,
				28870703B326B26277E559F7 /* libPods-diyplayer.a */,
			);
			name = Frameworks;
			sourceTree = "<group>";
		};
		CE9261C422CD007F00E8F6F3 /* Custom */ = {
			isa = PBXGroup;
			children = (
				E9632EA32459BDE8006D0266 /* cell */,
				CE9261C522CD009A00E8F6F3 /* CustomViewController.swift */,
				CE9261C622CD009A00E8F6F3 /* CustomViewController.xib */,
				E9632EA42459BEE1006D0266 /* GoodDetailViewController.swift */,
				E9632EA52459BEE1006D0266 /* GoodDetailViewController.xib */,
			);
			path = Custom;
			sourceTree = "<group>";
		};
		CEA1B473230D8E9800385E19 /* Moya */ = {
			isa = PBXGroup;
			children = (
				CEA1B474230D8F8A00385E19 /* DMAPI.swift */,
				CEA1B475230D8F8A00385E19 /* DMModel.swift */,
				CEA1B478230D8F9800385E19 /* HttpRequest.swift */,
				CEA1B480230D8FB100385E19 /* MoyaConfig.swift */,
				E9632E7E2441AB12006D0266 /* DqmkxAPI.swift */,
				E9632E802441B21F006D0266 /* DqmkxProvider.swift */,
			);
			path = Moya;
			sourceTree = "<group>";
		};
		CEBD2DBB22E4AA6C00067B4A /* TabBar */ = {
			isa = PBXGroup;
			children = (
				CEBD2DBC22E4AA9A00067B4A /* TabBarViewController.swift */,
				CEBD2DBD22E4AA9A00067B4A /* TabBarViewController.xib */,
				E9CBF57823B3A2FF00C157C1 /* ScrollTabViewController.swift */,
				E9CBF57923B3A2FF00C157C1 /* ScrollTabViewController.xib */,
			);
			path = TabBar;
			sourceTree = "<group>";
		};
		CEC16B9122C7469F00F90ADE /* Controller */ = {
			isa = PBXGroup;
			children = (
				E9C305C923A29083001CA470 /* Channel */,
				E9C305C823A2905A001CA470 /* Mine */,
				E9C305C723A29036001CA470 /* Circle */,
				CEBD2DBB22E4AA6C00067B4A /* TabBar */,
				CE9261C422CD007F00E8F6F3 /* Custom */,
				CEC16B9D22C74F8A00F90ADE /* Base */,
				CEC16B9722C747B800F90ADE /* Play */,
				CEC16BA222C7A8F500F90ADE /* Home */,
				CEC16B9222C746C000F90ADE /* Ad */,
			);
			path = Controller;
			sourceTree = "<group>";
		};
		CEC16B9222C746C000F90ADE /* Ad */ = {
			isa = PBXGroup;
			children = (
				CEC16B9322C746F800F90ADE /* AdViewController.swift */,
				CEC16B9422C746F800F90ADE /* AdViewController.xib */,
			);
			path = Ad;
			sourceTree = "<group>";
		};
		CEC16B9722C747B800F90ADE /* Play */ = {
			isa = PBXGroup;
			children = (
				E9F437302132BBAB0011B517 /* PlayViewController.swift */,
				E9F437312132BBAB0011B517 /* PlayViewController.xib */,
			);
			path = Play;
			sourceTree = "<group>";
		};
		CEC16B9822C747D200F90ADE /* View */ = {
			isa = PBXGroup;
			children = (
				CEC16B9922C747E300F90ADE /* player */,
				E9F4373921344ACA0011B517 /* CustomSlider.swift */,
				E9EA4429239C15280022DD00 /* ScrollTabView.swift */,
				E9E512FB243B792300B88892 /* LiveListView.swift */,
			);
			path = View;
			sourceTree = "<group>";
		};
		CEC16B9922C747E300F90ADE /* player */ = {
			isa = PBXGroup;
			children = (
				E9F4372E2132A21D0011B517 /* DiyPlayerView.swift */,
				E9F4372C2132A0F10011B517 /* DiyPlayerView.xib */,
			);
			path = player;
			sourceTree = "<group>";
		};
		CEC16B9D22C74F8A00F90ADE /* Base */ = {
			isa = PBXGroup;
			children = (
				CEC16B9E22C7500A00F90ADE /* BaseNavigationViewController.swift */,
				CEC16B9F22C7500A00F90ADE /* BaseNavigationViewController.xib */,
				CE9261C922CD063500E8F6F3 /* BaseViewController.swift */,
				CE9261CA22CD063500E8F6F3 /* BaseViewController.xib */,
			);
			path = Base;
			sourceTree = "<group>";
		};
		CEC16BA222C7A8F500F90ADE /* Home */ = {
			isa = PBXGroup;
			children = (
				CEC16BA322C7A91F00F90ADE /* HomeViewController.swift */,
				CEC16BA422C7A91F00F90ADE /* HomeViewController.xib */,
			);
			path = Home;
			sourceTree = "<group>";
		};
		CEDA1C6D22F1FB6400FA6365 /* Network */ = {
			isa = PBXGroup;
			children = (
				E9632E872442F464006D0266 /* MockData */,
				CEA1B473230D8E9800385E19 /* Moya */,
				CE2E97842251E97B00EC8CD3 /* Alamofire-SwiftyJSON.swift */,
			);
			path = Network;
			sourceTree = "<group>";
		};
		CEDA1C6E22F1FB6B00FA6365 /* Extension */ = {
			isa = PBXGroup;
			children = (
				CE3D5EF922C3D1FF00FE1F30 /* Image+Gif.swift */,
				CE9261CD22CD0BC200E8F6F3 /* UIColor+hex.swift */,
				CEC006FF22DB93C4003AC089 /* UIImageView+URL.swift */,
				CEC0070122DBAADD003AC089 /* UIImage+Custom.swift */,
				E951A15C24644C0E0029D361 /* UIView+Extension.swift */,
			);
			path = Extension;
			sourceTree = "<group>";
		};
		CEDA1C6F22F1FB7500FA6365 /* Util */ = {
			isa = PBXGroup;
			children = (
				E9F4373B213580400011B517 /* TimeUtil.swift */,
			);
			path = Util;
			sourceTree = "<group>";
		};
		E9632E822442F313006D0266 /* Model */ = {
			isa = PBXGroup;
			children = (
				E9632E832442F33C006D0266 /* Mapable.swift */,
				E9632E8C24431A44006D0266 /* BaseDataModel.swift */,
				E9632E852442F3A1006D0266 /* DepartmentModel.swift */,
				E98C7E3C2449BD6300476C88 /* ErrorModel.swift */,
				E9632E992455BE6E006D0266 /* MusicPlayerModel.swift */,
			);
			path = Model;
			sourceTree = "<group>";
		};
		E9632E872442F464006D0266 /* MockData */ = {
			isa = PBXGroup;
			children = (
				E9632E882442F484006D0266 /* getDepartment.json */,
			);
			path = MockData;
			sourceTree = "<group>";
		};
		E9632EA32459BDE8006D0266 /* cell */ = {
			isa = PBXGroup;
			children = (
				E9632EA82459BFD2006D0266 /* GoodIntroduceCollectionViewCell.swift */,
				E9632EA92459BFD2006D0266 /* GoodIntroduceCollectionViewCell.xib */,
				E9632EAC2459BFF7006D0266 /* GoodDetailCollectionViewCell.swift */,
				E9632EAD2459BFF7006D0266 /* GoodDetailCollectionViewCell.xib */,
				E9632EB02459C02A006D0266 /* GoodRecommendedCollectionViewCell.swift */,
				E9632EB12459C02A006D0266 /* GoodRecommendedCollectionViewCell.xib */,
			);
			path = cell;
			sourceTree = "<group>";
		};
		E96DA13D21319BC200752560 = {
			isa = PBXGroup;
			children = (
				E96DA14821319BC200752560 /* diyplayer */,
				E96DA15D21319BC200752560 /* diyplayerTests */,
				E96DA16821319BC200752560 /* diyplayerUITests */,
				E96DA14721319BC200752560 /* Products */,
				F15CF619ECDEE25314C4314D /* Pods */,
				3011A03BC25795C67ED6F2CE /* Frameworks */,
			);
			sourceTree = "<group>";
		};
		E96DA14721319BC200752560 /* Products */ = {
			isa = PBXGroup;
			children = (
				E96DA14621319BC200752560 /* diyplayer.app */,
				E96DA15A21319BC200752560 /* diyplayerTests.xctest */,
				E96DA16521319BC200752560 /* diyplayerUITests.xctest */,
			);
			name = Products;
			sourceTree = "<group>";
		};
		E96DA14821319BC200752560 /* diyplayer */ = {
			isa = PBXGroup;
			children = (
				E9632E822442F313006D0266 /* Model */,
				CEDA1C6F22F1FB7500FA6365 /* Util */,
				CEDA1C6E22F1FB6B00FA6365 /* Extension */,
				CEDA1C6D22F1FB6400FA6365 /* Network */,
				CEC16B9822C747D200F90ADE /* View */,
				CEC16B9122C7469F00F90ADE /* Controller */,
				E9F4373821344AB90011B517 /* Common */,
				E96DA14921319BC200752560 /* AppDelegate.swift */,
				CE0554F222CE351100A9D4F3 /* ball.gif */,
				E96DA15021319BC200752560 /* Assets.xcassets */,
				E9F437242131B76F0011B517 /* LaunchScreen.xib */,
				E96DA15521319BC200752560 /* Info.plist */,
				CE0554F422CE382A00A9D4F3 /* juhua.gif */,
				CE9261C222CD004900E8F6F3 /* loading.gif */,
				E9632E90245089EE006D0266 /* diyplayer-Bridging-Header.h */,
			);
			path = diyplayer;
			sourceTree = "<group>";
		};
		E96DA15D21319BC200752560 /* diyplayerTests */ = {
			isa = PBXGroup;
			children = (
				E96DA15E21319BC200752560 /* diyplayerTests.swift */,
				E96DA16021319BC200752560 /* Info.plist */,
			);
			path = diyplayerTests;
			sourceTree = "<group>";
		};
		E96DA16821319BC200752560 /* diyplayerUITests */ = {
			isa = PBXGroup;
			children = (
				E96DA16921319BC200752560 /* diyplayerUITests.swift */,
				E96DA16B21319BC200752560 /* Info.plist */,
			);
			path = diyplayerUITests;
			sourceTree = "<group>";
		};
		E9C305C723A29036001CA470 /* Circle */ = {
			isa = PBXGroup;
			children = (
				E9EA441F239BFB6F0022DD00 /* CircleViewController.swift */,
				E9EA4420239BFB6F0022DD00 /* CircleViewController.xib */,
				E9632E952455BC5F006D0266 /* MusicItemTableViewCell.swift */,
				E9632E962455BC5F006D0266 /* MusicItemTableViewCell.xib */,
				E9632E9B2455C8C8006D0266 /* MusicListViewController.swift */,
				E9632E9C2455C8C8006D0266 /* MusicListViewController.xib */,
				E951A158246443290029D361 /* TestAutoTableViewCell.swift */,
				E951A159246443290029D361 /* TestAutoTableViewCell.xib */,
				E951A165247428C70029D361 /* TestCornerShadowTableViewCell.swift */,
				E951A166247428C70029D361 /* TestCornerShadowTableViewCell.xib */,
			);
			path = Circle;
			sourceTree = "<group>";
		};
		E9C305C823A2905A001CA470 /* Mine */ = {
			isa = PBXGroup;
			children = (
				E9EA4423239BFE1D0022DD00 /* ProfileViewController.swift */,
				E9EA4424239BFE1D0022DD00 /* ProfileViewController.xib */,
			);
			path = Mine;
			sourceTree = "<group>";
		};
		E9C305C923A29083001CA470 /* Channel */ = {
			isa = PBXGroup;
			children = (
				CEBD2DC122E4BF2B00067B4A /* ChannelViewController.swift */,
				CEBD2DC222E4BF2B00067B4A /* ChannelViewController.xib */,
			);
			path = Channel;
			sourceTree = "<group>";
		};
		E9F4373821344AB90011B517 /* Common */ = {
			isa = PBXGroup;
			children = (
				E9F4373D213583B90011B517 /* Constants.swift */,
				CEA1B47A230D8FA800385E19 /* HUD.swift */,
				CEA1B47B230D8FA800385E19 /* SaveFiles.swift */,
				CEA1B47C230D8FA800385E19 /* StrInt.swift */,
			);
			path = Common;
			sourceTree = "<group>";
		};
		F15CF619ECDEE25314C4314D /* Pods */ = {
			isa = PBXGroup;
			children = (
				CBBEA0D969246F8C165F21D0 /* Pods-diyplayer.debug.xcconfig */,
				84F42D2D9D83A5244D7EB58F /* Pods-diyplayer.release.xcconfig */,
			);
			name = Pods;
			sourceTree = "<group>";
		};
/* End PBXGroup section */

/* Begin PBXNativeTarget section */
		E96DA14521319BC200752560 /* diyplayer */ = {
			isa = PBXNativeTarget;
			buildConfigurationList = E96DA16E21319BC200752560 /* Build configuration list for PBXNativeTarget "diyplayer" */;
			buildPhases = (
				8FB1B14FD06CD4D19CEBC4BE /* [CP] Check Pods Manifest.lock */,
				E96DA14221319BC200752560 /* Sources */,
				E96DA14321319BC200752560 /* Frameworks */,
				E96DA14421319BC200752560 /* Resources */,
			);
			buildRules = (
			);
			dependencies = (
			);
			name = diyplayer;
			productName = diyplayer;
			productReference = E96DA14621319BC200752560 /* diyplayer.app */;
			productType = "com.apple.product-type.application";
		};
		E96DA15921319BC200752560 /* diyplayerTests */ = {
			isa = PBXNativeTarget;
			buildConfigurationList = E96DA17121319BC200752560 /* Build configuration list for PBXNativeTarget "diyplayerTests" */;
			buildPhases = (
				E96DA15621319BC200752560 /* Sources */,
				E96DA15721319BC200752560 /* Frameworks */,
				E96DA15821319BC200752560 /* Resources */,
			);
			buildRules = (
			);
			dependencies = (
				E96DA15C21319BC200752560 /* PBXTargetDependency */,
			);
			name = diyplayerTests;
			productName = diyplayerTests;
			productReference = E96DA15A21319BC200752560 /* diyplayerTests.xctest */;
			productType = "com.apple.product-type.bundle.unit-test";
		};
		E96DA16421319BC200752560 /* diyplayerUITests */ = {
			isa = PBXNativeTarget;
			buildConfigurationList = E96DA17421319BC200752560 /* Build configuration list for PBXNativeTarget "diyplayerUITests" */;
			buildPhases = (
				E96DA16121319BC200752560 /* Sources */,
				E96DA16221319BC200752560 /* Frameworks */,
				E96DA16321319BC200752560 /* Resources */,
			);
			buildRules = (
			);
			dependencies = (
				E96DA16721319BC200752560 /* PBXTargetDependency */,
			);
			name = diyplayerUITests;
			productName = diyplayerUITests;
			productReference = E96DA16521319BC200752560 /* diyplayerUITests.xctest */;
			productType = "com.apple.product-type.bundle.ui-testing";
		};
/* End PBXNativeTarget section */

/* Begin PBXProject section */
		E96DA13E21319BC200752560 /* Project object */ = {
			isa = PBXProject;
			attributes = {
				LastSwiftUpdateCheck = 0910;
				LastUpgradeCheck = 0910;
				ORGANIZATIONNAME = sidney;
				TargetAttributes = {
					E96DA14521319BC200752560 = {
						CreatedOnToolsVersion = 9.1;
						ProvisioningStyle = Automatic;
					};
					E96DA15921319BC200752560 = {
						CreatedOnToolsVersion = 9.1;
						ProvisioningStyle = Automatic;
						TestTargetID = E96DA14521319BC200752560;
					};
					E96DA16421319BC200752560 = {
						CreatedOnToolsVersion = 9.1;
						ProvisioningStyle = Automatic;
						TestTargetID = E96DA14521319BC200752560;
					};
				};
			};
			buildConfigurationList = E96DA14121319BC200752560 /* Build configuration list for PBXProject "diyplayer" */;
			compatibilityVersion = "Xcode 8.0";
			developmentRegion = en;
			hasScannedForEncodings = 0;
			knownRegions = (
				en,
				Base,
			);
			mainGroup = E96DA13D21319BC200752560;
			productRefGroup = E96DA14721319BC200752560 /* Products */;
			projectDirPath = "";
			projectRoot = "";
			targets = (
				E96DA14521319BC200752560 /* diyplayer */,
				E96DA15921319BC200752560 /* diyplayerTests */,
				E96DA16421319BC200752560 /* diyplayerUITests */,
			);
		};
/* End PBXProject section */

/* Begin PBXResourcesBuildPhase section */
		E96DA14421319BC200752560 /* Resources */ = {
			isa = PBXResourcesBuildPhase;
			buildActionMask = 2147483647;
			files = (
				E9632E9E2455C8C8006D0266 /* MusicListViewController.xib in Resources */,
				E9F4372D2132A0F10011B517 /* DiyPlayerView.xib in Resources */,
				CE9261CC22CD063500E8F6F3 /* BaseViewController.xib in Resources */,
				CEC16B9622C746F800F90ADE /* AdViewController.xib in Resources */,
				E9F437252131B76F0011B517 /* LaunchScreen.xib in Resources */,
				E9632EAF2459BFF7006D0266 /* GoodDetailCollectionViewCell.xib in Resources */,
				CE0554F322CE351200A9D4F3 /* ball.gif in Resources */,
				CEC16BA122C7500A00F90ADE /* BaseNavigationViewController.xib in Resources */,
				CEBD2DC422E4BF2B00067B4A /* ChannelViewController.xib in Resources */,
				CE0554F522CE382B00A9D4F3 /* juhua.gif in Resources */,
				E951A168247428C70029D361 /* TestCornerShadowTableViewCell.xib in Resources */,
				E9632E982455BC5F006D0266 /* MusicItemTableViewCell.xib in Resources */,
				CEC16BA622C7A91F00F90ADE /* HomeViewController.xib in Resources */,
				E9CBF57B23B3A2FF00C157C1 /* ScrollTabViewController.xib in Resources */,
				E9632EA72459BEE1006D0266 /* GoodDetailViewController.xib in Resources */,
				CE9261C322CD004900E8F6F3 /* loading.gif in Resources */,
				E9EA4426239BFE1D0022DD00 /* ProfileViewController.xib in Resources */,
				E9632EAB2459BFD2006D0266 /* GoodIntroduceCollectionViewCell.xib in Resources */,
				E9632EB32459C02A006D0266 /* GoodRecommendedCollectionViewCell.xib in Resources */,
				E9EA4422239BFB6F0022DD00 /* CircleViewController.xib in Resources */,
				E96DA15121319BC200752560 /* Assets.xcassets in Resources */,
				CE9261C822CD009A00E8F6F3 /* CustomViewController.xib in Resources */,
				E951A15B246443290029D361 /* TestAutoTableViewCell.xib in Resources */,
				E9F437332132BBAB0011B517 /* PlayViewController.xib in Resources */,
				E9632E892442F484006D0266 /* getDepartment.json in Resources */,
				CEBD2DBF22E4AA9A00067B4A /* TabBarViewController.xib in Resources */,
			);
			runOnlyForDeploymentPostprocessing = 0;
		};
		E96DA15821319BC200752560 /* Resources */ = {
			isa = PBXResourcesBuildPhase;
			buildActionMask = 2147483647;
			files = (
			);
			runOnlyForDeploymentPostprocessing = 0;
		};
		E96DA16321319BC200752560 /* Resources */ = {
			isa = PBXResourcesBuildPhase;
			buildActionMask = 2147483647;
			files = (
			);
			runOnlyForDeploymentPostprocessing = 0;
		};
/* End PBXResourcesBuildPhase section */

/* Begin PBXShellScriptBuildPhase section */
		8FB1B14FD06CD4D19CEBC4BE /* [CP] Check Pods Manifest.lock */ = {
			isa = PBXShellScriptBuildPhase;
			buildActionMask = 2147483647;
			files = (
			);
			inputPaths = (
				"${PODS_PODFILE_DIR_PATH}/Podfile.lock",
				"${PODS_ROOT}/Manifest.lock",
			);
			name = "[CP] Check Pods Manifest.lock";
			outputPaths = (
				"$(DERIVED_FILE_DIR)/Pods-diyplayer-checkManifestLockResult.txt",
			);
			runOnlyForDeploymentPostprocessing = 0;
			shellPath = /bin/sh;
			shellScript = "diff \"${PODS_PODFILE_DIR_PATH}/Podfile.lock\" \"${PODS_ROOT}/Manifest.lock\" > /dev/null\nif [ $? != 0 ] ; then\n    # print error to STDERR\n    echo \"error: The sandbox is not in sync with the Podfile.lock. Run 'pod install' or update your CocoaPods installation.\" >&2\n    exit 1\nfi\n# This output is used by Xcode 'outputs' to avoid re-running this script phase.\necho \"SUCCESS\" > \"${SCRIPT_OUTPUT_FILE_0}\"\n";
			showEnvVarsInLog = 0;
		};
/* End PBXShellScriptBuildPhase section */

/* Begin PBXSourcesBuildPhase section */
		E96DA14221319BC200752560 /* Sources */ = {
			isa = PBXSourcesBuildPhase;
			buildActionMask = 2147483647;
			files = (
				E9632E8D24431A44006D0266 /* BaseDataModel.swift in Sources */,
				CEA1B481230D8FB100385E19 /* MoyaConfig.swift in Sources */,
				CE9261CB22CD063500E8F6F3 /* BaseViewController.swift in Sources */,
				E951A15D24644C0E0029D361 /* UIView+Extension.swift in Sources */,
				CEA1B476230D8F8A00385E19 /* DMAPI.swift in Sources */,
				E9632E972455BC5F006D0266 /* MusicItemTableViewCell.swift in Sources */,
				CEA1B477230D8F8A00385E19 /* DMModel.swift in Sources */,
				E951A15A246443290029D361 /* TestAutoTableViewCell.swift in Sources */,
				CE2E97852251E97B00EC8CD3 /* Alamofire-SwiftyJSON.swift in Sources */,
				E98C7E3D2449BD6300476C88 /* ErrorModel.swift in Sources */,
				E9632E9A2455BE6E006D0266 /* MusicPlayerModel.swift in Sources */,
				E96DA14A21319BC200752560 /* AppDelegate.swift in Sources */,
				E9EA4425239BFE1D0022DD00 /* ProfileViewController.swift in Sources */,
				E9632E842442F33C006D0266 /* Mapable.swift in Sources */,
				E9EA442A239C15280022DD00 /* ScrollTabView.swift in Sources */,
				CEA1B479230D8F9800385E19 /* HttpRequest.swift in Sources */,
				E9F4372F2132A21D0011B517 /* DiyPlayerView.swift in Sources */,
				CE9261C722CD009A00E8F6F3 /* CustomViewController.swift in Sources */,
				CEC0070022DB93C4003AC089 /* UIImageView+URL.swift in Sources */,
				CEA1B47E230D8FA800385E19 /* SaveFiles.swift in Sources */,
				E9632E7F2441AB12006D0266 /* DqmkxAPI.swift in Sources */,
				CEC0070222DBAADD003AC089 /* UIImage+Custom.swift in Sources */,
				E9EA4421239BFB6F0022DD00 /* CircleViewController.swift in Sources */,
				E9632EB22459C02A006D0266 /* GoodRecommendedCollectionViewCell.swift in Sources */,
				CEA1B47F230D8FA800385E19 /* StrInt.swift in Sources */,
				E9E512FC243B792300B88892 /* LiveListView.swift in Sources */,
				CEC16BA022C7500A00F90ADE /* BaseNavigationViewController.swift in Sources */,
				CEC16BA522C7A91F00F90ADE /* HomeViewController.swift in Sources */,
				CEBD2DBE22E4AA9A00067B4A /* TabBarViewController.swift in Sources */,
				CEBD2DC322E4BF2B00067B4A /* ChannelViewController.swift in Sources */,
				E9632EAA2459BFD2006D0266 /* GoodIntroduceCollectionViewCell.swift in Sources */,
				CE9261CE22CD0BC200E8F6F3 /* UIColor+hex.swift in Sources */,
				E9632EA62459BEE1006D0266 /* GoodDetailViewController.swift in Sources */,
				E9F437322132BBAB0011B517 /* PlayViewController.swift in Sources */,
				E9632E862442F3A1006D0266 /* DepartmentModel.swift in Sources */,
				E9F4373C213580400011B517 /* TimeUtil.swift in Sources */,
				CEA1B47D230D8FA800385E19 /* HUD.swift in Sources */,
				E9CBF57A23B3A2FF00C157C1 /* ScrollTabViewController.swift in Sources */,
				E9F4373A21344ACA0011B517 /* CustomSlider.swift in Sources */,
				CEC16B9522C746F800F90ADE /* AdViewController.swift in Sources */,
				E9632E9D2455C8C8006D0266 /* MusicListViewController.swift in Sources */,
				E9632EAE2459BFF7006D0266 /* GoodDetailCollectionViewCell.swift in Sources */,
				E951A167247428C70029D361 /* TestCornerShadowTableViewCell.swift in Sources */,
				E9F4373E213583B90011B517 /* Constants.swift in Sources */,
				E9632E812441B21F006D0266 /* DqmkxProvider.swift in Sources */,
				CE3D5EFA22C3D1FF00FE1F30 /* Image+Gif.swift in Sources */,
			);
			runOnlyForDeploymentPostprocessing = 0;
		};
		E96DA15621319BC200752560 /* Sources */ = {
			isa = PBXSourcesBuildPhase;
			buildActionMask = 2147483647;
			files = (
				E96DA15F21319BC200752560 /* diyplayerTests.swift in Sources */,
			);
			runOnlyForDeploymentPostprocessing = 0;
		};
		E96DA16121319BC200752560 /* Sources */ = {
			isa = PBXSourcesBuildPhase;
			buildActionMask = 2147483647;
			files = (
				E96DA16A21319BC200752560 /* diyplayerUITests.swift in Sources */,
			);
			runOnlyForDeploymentPostprocessing = 0;
		};
/* End PBXSourcesBuildPhase section */

/* Begin PBXTargetDependency section */
		E96DA15C21319BC200752560 /* PBXTargetDependency */ = {
			isa = PBXTargetDependency;
			target = E96DA14521319BC200752560 /* diyplayer */;
			targetProxy = E96DA15B21319BC200752560 /* PBXContainerItemProxy */;
		};
		E96DA16721319BC200752560 /* PBXTargetDependency */ = {
			isa = PBXTargetDependency;
			target = E96DA14521319BC200752560 /* diyplayer */;
			targetProxy = E96DA16621319BC200752560 /* PBXContainerItemProxy */;
		};
/* End PBXTargetDependency section */

/* Begin XCBuildConfiguration section */
		E96DA16C21319BC200752560 /* Debug */ = {
			isa = XCBuildConfiguration;
			buildSettings = {
				ALWAYS_SEARCH_USER_PATHS = NO;
				CLANG_ANALYZER_NONNULL = YES;
				CLANG_ANALYZER_NUMBER_OBJECT_CONVERSION = YES_AGGRESSIVE;
				CLANG_CXX_LANGUAGE_STANDARD = "gnu++14";
				CLANG_CXX_LIBRARY = "libc++";
				CLANG_ENABLE_MODULES = YES;
				CLANG_ENABLE_OBJC_ARC = YES;
				CLANG_WARN_BLOCK_CAPTURE_AUTORELEASING = YES;
				CLANG_WARN_BOOL_CONVERSION = YES;
				CLANG_WARN_COMMA = YES;
				CLANG_WARN_CONSTANT_CONVERSION = YES;
				CLANG_WARN_DIRECT_OBJC_ISA_USAGE = YES_ERROR;
				CLANG_WARN_DOCUMENTATION_COMMENTS = YES;
				CLANG_WARN_EMPTY_BODY = YES;
				CLANG_WARN_ENUM_CONVERSION = YES;
				CLANG_WARN_INFINITE_RECURSION = YES;
				CLANG_WARN_INT_CONVERSION = YES;
				CLANG_WARN_NON_LITERAL_NULL_CONVERSION = YES;
				CLANG_WARN_OBJC_LITERAL_CONVERSION = YES;
				CLANG_WARN_OBJC_ROOT_CLASS = YES_ERROR;
				CLANG_WARN_RANGE_LOOP_ANALYSIS = YES;
				CLANG_WARN_STRICT_PROTOTYPES = YES;
				CLANG_WARN_SUSPICIOUS_MOVE = YES;
				CLANG_WARN_UNGUARDED_AVAILABILITY = YES_AGGRESSIVE;
				CLANG_WARN_UNREACHABLE_CODE = YES;
				CLANG_WARN__DUPLICATE_METHOD_MATCH = YES;
				CODE_SIGN_IDENTITY = "iPhone Developer";
				COPY_PHASE_STRIP = NO;
				DEBUG_INFORMATION_FORMAT = dwarf;
				ENABLE_STRICT_OBJC_MSGSEND = YES;
				ENABLE_TESTABILITY = YES;
				GCC_C_LANGUAGE_STANDARD = gnu11;
				GCC_DYNAMIC_NO_PIC = NO;
				GCC_NO_COMMON_BLOCKS = YES;
				GCC_OPTIMIZATION_LEVEL = 0;
				GCC_PREPROCESSOR_DEFINITIONS = (
					"DEBUG=1",
					"$(inherited)",
				);
				GCC_WARN_64_TO_32_BIT_CONVERSION = YES;
				GCC_WARN_ABOUT_RETURN_TYPE = YES_ERROR;
				GCC_WARN_UNDECLARED_SELECTOR = YES;
				GCC_WARN_UNINITIALIZED_AUTOS = YES_AGGRESSIVE;
				GCC_WARN_UNUSED_FUNCTION = YES;
				GCC_WARN_UNUSED_VARIABLE = YES;
				IPHONEOS_DEPLOYMENT_TARGET = 11.1;
				MTL_ENABLE_DEBUG_INFO = YES;
				ONLY_ACTIVE_ARCH = YES;
				SDKROOT = iphoneos;
				SWIFT_ACTIVE_COMPILATION_CONDITIONS = DEBUG;
				SWIFT_OPTIMIZATION_LEVEL = "-Onone";
			};
			name = Debug;
		};
		E96DA16D21319BC200752560 /* Release */ = {
			isa = XCBuildConfiguration;
			buildSettings = {
				ALWAYS_SEARCH_USER_PATHS = NO;
				CLANG_ANALYZER_NONNULL = YES;
				CLANG_ANALYZER_NUMBER_OBJECT_CONVERSION = YES_AGGRESSIVE;
				CLANG_CXX_LANGUAGE_STANDARD = "gnu++14";
				CLANG_CXX_LIBRARY = "libc++";
				CLANG_ENABLE_MODULES = YES;
				CLANG_ENABLE_OBJC_ARC = YES;
				CLANG_WARN_BLOCK_CAPTURE_AUTORELEASING = YES;
				CLANG_WARN_BOOL_CONVERSION = YES;
				CLANG_WARN_COMMA = YES;
				CLANG_WARN_CONSTANT_CONVERSION = YES;
				CLANG_WARN_DIRECT_OBJC_ISA_USAGE = YES_ERROR;
				CLANG_WARN_DOCUMENTATION_COMMENTS = YES;
				CLANG_WARN_EMPTY_BODY = YES;
				CLANG_WARN_ENUM_CONVERSION = YES;
				CLANG_WARN_INFINITE_RECURSION = YES;
				CLANG_WARN_INT_CONVERSION = YES;
				CLANG_WARN_NON_LITERAL_NULL_CONVERSION = YES;
				CLANG_WARN_OBJC_LITERAL_CONVERSION = YES;
				CLANG_WARN_OBJC_ROOT_CLASS = YES_ERROR;
				CLANG_WARN_RANGE_LOOP_ANALYSIS = YES;
				CLANG_WARN_STRICT_PROTOTYPES = YES;
				CLANG_WARN_SUSPICIOUS_MOVE = YES;
				CLANG_WARN_UNGUARDED_AVAILABILITY = YES_AGGRESSIVE;
				CLANG_WARN_UNREACHABLE_CODE = YES;
				CLANG_WARN__DUPLICATE_METHOD_MATCH = YES;
				CODE_SIGN_IDENTITY = "iPhone Developer";
				COPY_PHASE_STRIP = NO;
				DEBUG_INFORMATION_FORMAT = "dwarf-with-dsym";
				ENABLE_NS_ASSERTIONS = NO;
				ENABLE_STRICT_OBJC_MSGSEND = YES;
				GCC_C_LANGUAGE_STANDARD = gnu11;
				GCC_NO_COMMON_BLOCKS = YES;
				GCC_WARN_64_TO_32_BIT_CONVERSION = YES;
				GCC_WARN_ABOUT_RETURN_TYPE = YES_ERROR;
				GCC_WARN_UNDECLARED_SELECTOR = YES;
				GCC_WARN_UNINITIALIZED_AUTOS = YES_AGGRESSIVE;
				GCC_WARN_UNUSED_FUNCTION = YES;
				GCC_WARN_UNUSED_VARIABLE = YES;
				IPHONEOS_DEPLOYMENT_TARGET = 11.1;
				MTL_ENABLE_DEBUG_INFO = NO;
				SDKROOT = iphoneos;
				SWIFT_OPTIMIZATION_LEVEL = "-Owholemodule";
				VALIDATE_PRODUCT = YES;
			};
			name = Release;
		};
		E96DA16F21319BC200752560 /* Debug */ = {
			isa = XCBuildConfiguration;
			baseConfigurationReference = CBBEA0D969246F8C165F21D0 /* Pods-diyplayer.debug.xcconfig */;
			buildSettings = {
				ASSETCATALOG_COMPILER_APPICON_NAME = AppIcon;
				ASSETCATALOG_COMPILER_LAUNCHIMAGE_NAME = LaunchImage;
				CODE_SIGN_STYLE = Automatic;
				DEVELOPMENT_TEAM = WZMD84KKFL;
				FRAMEWORK_SEARCH_PATHS = (
					"$(inherited)",
					"\"${PODS_CONFIGURATION_BUILD_DIR}/Alamofire\"",
					"\"${PODS_CONFIGURATION_BUILD_DIR}/Alamofire-SwiftyJSON\"",
					"\"${PODS_CONFIGURATION_BUILD_DIR}/Charts\"",
					"\"${PODS_CONFIGURATION_BUILD_DIR}/DLRadioButton\"",
					"\"${PODS_CONFIGURATION_BUILD_DIR}/Kingfisher\"",
					"\"${PODS_CONFIGURATION_BUILD_DIR}/MBProgressHUD\"",
					"\"${PODS_CONFIGURATION_BUILD_DIR}/Moya\"",
					"\"${PODS_CONFIGURATION_BUILD_DIR}/ObjectMapper\"",
					"\"${PODS_CONFIGURATION_BUILD_DIR}/Result\"",
					"\"${PODS_CONFIGURATION_BUILD_DIR}/SnapKit\"",
					"\"${PODS_CONFIGURATION_BUILD_DIR}/SwiftyJSON\"",
				);
				INFOPLIST_FILE = diyplayer/Info.plist;
				LD_RUNPATH_SEARCH_PATHS = "$(inherited) @executable_path/Frameworks";
				PRODUCT_BUNDLE_IDENTIFIER = win.iword.app.diyplayer;
				PRODUCT_NAME = "$(TARGET_NAME)";
				SWIFT_OBJC_BRIDGING_HEADER = "/Users/sidney/workspace/diyplayer/diyplayer/diyplayer/diyplayer-Bridging-Header.h";
				SWIFT_VERSION = 4.0;
				TARGETED_DEVICE_FAMILY = 1;
			};
			name = Debug;
		};
		E96DA17021319BC200752560 /* Release */ = {
			isa = XCBuildConfiguration;
			baseConfigurationReference = 84F42D2D9D83A5244D7EB58F /* Pods-diyplayer.release.xcconfig */;
			buildSettings = {
				ASSETCATALOG_COMPILER_APPICON_NAME = AppIcon;
				ASSETCATALOG_COMPILER_LAUNCHIMAGE_NAME = LaunchImage;
				CODE_SIGN_STYLE = Automatic;
				DEVELOPMENT_TEAM = WZMD84KKFL;
				INFOPLIST_FILE = diyplayer/Info.plist;
				LD_RUNPATH_SEARCH_PATHS = "$(inherited) @executable_path/Frameworks";
				PRODUCT_BUNDLE_IDENTIFIER = win.iword.app.diyplayer;
				PRODUCT_NAME = "$(TARGET_NAME)";
				SWIFT_OBJC_BRIDGING_HEADER = "/Users/sidney/workspace/diyplayer/diyplayer/diyplayer/diyplayer-Bridging-Header.h";
				SWIFT_VERSION = 4.0;
				TARGETED_DEVICE_FAMILY = 1;
			};
			name = Release;
		};
		E96DA17221319BC200752560 /* Debug */ = {
			isa = XCBuildConfiguration;
			buildSettings = {
				ALWAYS_EMBED_SWIFT_STANDARD_LIBRARIES = YES;
				BUNDLE_LOADER = "$(TEST_HOST)";
				CODE_SIGN_STYLE = Automatic;
				INFOPLIST_FILE = diyplayerTests/Info.plist;
				LD_RUNPATH_SEARCH_PATHS = "$(inherited) @executable_path/Frameworks @loader_path/Frameworks";
				PRODUCT_BUNDLE_IDENTIFIER = win.iword.app.diyplayerTests;
				PRODUCT_NAME = "$(TARGET_NAME)";
				SWIFT_VERSION = 4.0;
				TARGETED_DEVICE_FAMILY = "1,2";
				TEST_HOST = "$(BUILT_PRODUCTS_DIR)/diyplayer.app/diyplayer";
			};
			name = Debug;
		};
		E96DA17321319BC200752560 /* Release */ = {
			isa = XCBuildConfiguration;
			buildSettings = {
				ALWAYS_EMBED_SWIFT_STANDARD_LIBRARIES = YES;
				BUNDLE_LOADER = "$(TEST_HOST)";
				CODE_SIGN_STYLE = Automatic;
				INFOPLIST_FILE = diyplayerTests/Info.plist;
				LD_RUNPATH_SEARCH_PATHS = "$(inherited) @executable_path/Frameworks @loader_path/Frameworks";
				PRODUCT_BUNDLE_IDENTIFIER = win.iword.app.diyplayerTests;
				PRODUCT_NAME = "$(TARGET_NAME)";
				SWIFT_VERSION = 4.0;
				TARGETED_DEVICE_FAMILY = "1,2";
				TEST_HOST = "$(BUILT_PRODUCTS_DIR)/diyplayer.app/diyplayer";
			};
			name = Release;
		};
		E96DA17521319BC200752560 /* Debug */ = {
			isa = XCBuildConfiguration;
			buildSettings = {
				ALWAYS_EMBED_SWIFT_STANDARD_LIBRARIES = YES;
				CODE_SIGN_STYLE = Automatic;
				INFOPLIST_FILE = diyplayerUITests/Info.plist;
				LD_RUNPATH_SEARCH_PATHS = "$(inherited) @executable_path/Frameworks @loader_path/Frameworks";
				PRODUCT_BUNDLE_IDENTIFIER = win.iword.app.diyplayerUITests;
				PRODUCT_NAME = "$(TARGET_NAME)";
				SWIFT_VERSION = 4.0;
				TARGETED_DEVICE_FAMILY = "1,2";
				TEST_TARGET_NAME = diyplayer;
			};
			name = Debug;
		};
		E96DA17621319BC200752560 /* Release */ = {
			isa = XCBuildConfiguration;
			buildSettings = {
				ALWAYS_EMBED_SWIFT_STANDARD_LIBRARIES = YES;
				CODE_SIGN_STYLE = Automatic;
				INFOPLIST_FILE = diyplayerUITests/Info.plist;
				LD_RUNPATH_SEARCH_PATHS = "$(inherited) @executable_path/Frameworks @loader_path/Frameworks";
				PRODUCT_BUNDLE_IDENTIFIER = win.iword.app.diyplayerUITests;
				PRODUCT_NAME = "$(TARGET_NAME)";
				SWIFT_VERSION = 4.0;
				TARGETED_DEVICE_FAMILY = "1,2";
				TEST_TARGET_NAME = diyplayer;
			};
			name = Release;
		};
/* End XCBuildConfiguration section */

/* Begin XCConfigurationList section */
		E96DA14121319BC200752560 /* Build configuration list for PBXProject "diyplayer" */ = {
			isa = XCConfigurationList;
			buildConfigurations = (
				E96DA16C21319BC200752560 /* Debug */,
				E96DA16D21319BC200752560 /* Release */,
			);
			defaultConfigurationIsVisible = 0;
			defaultConfigurationName = Release;
		};
		E96DA16E21319BC200752560 /* Build configuration list for PBXNativeTarget "diyplayer" */ = {
			isa = XCConfigurationList;
			buildConfigurations = (
				E96DA16F21319BC200752560 /* Debug */,
				E96DA17021319BC200752560 /* Release */,
			);
			defaultConfigurationIsVisible = 0;
			defaultConfigurationName = Release;
		};
		E96DA17121319BC200752560 /* Build configuration list for PBXNativeTarget "diyplayerTests" */ = {
			isa = XCConfigurationList;
			buildConfigurations = (
				E96DA17221319BC200752560 /* Debug */,
				E96DA17321319BC200752560 /* Release */,
			);
			defaultConfigurationIsVisible = 0;
			defaultConfigurationName = Release;
		};
		E96DA17421319BC200752560 /* Build configuration list for PBXNativeTarget "diyplayerUITests" */ = {
			isa = XCConfigurationList;
			buildConfigurations = (
				E96DA17521319BC200752560 /* Debug */,
				E96DA17621319BC200752560 /* Release */,
			);
			defaultConfigurationIsVisible = 0;
			defaultConfigurationName = Release;
		};
/* End XCConfigurationList section */
	};
	rootObject = E96DA13E21319BC200752560 /* Project object */;
}
